{
  "version": 4,
  "terraform_version": "0.12.24",
  "serial": 5,
  "lineage": "477f7cfe-163e-d5ac-cf89-22fedab33f0d",
  "outputs": {
    "kubernetes_cluster_name": {
      "value": "pass-docker-gke",
      "type": "string"
    },
    "region": {
      "value": "us-east1",
      "type": "string"
    }
  },
  "resources": [
    {
      "mode": "managed",
      "type": "google_compute_network",
      "name": "vpc",
      "provider": "provider.google",
      "instances": [
        {
          "schema_version": 0,
          "attributes": {
            "auto_create_subnetworks": false,
            "delete_default_routes_on_create": false,
            "description": "",
            "gateway_ipv4": "",
            "id": "projects/pass-docker/global/networks/pass-docker-vpc",
            "ipv4_range": null,
            "name": "pass-docker-vpc",
            "project": "pass-docker",
            "routing_mode": "REGIONAL",
            "self_link": "https://www.googleapis.com/compute/v1/projects/pass-docker/global/networks/pass-docker-vpc",
            "timeouts": null
          },
          "private": "eyJlMmJmYjczMC1lY2FhLTExZTYtOGY4OC0zNDM2M2JjN2M0YzAiOnsiY3JlYXRlIjoyNDAwMDAwMDAwMDAsImRlbGV0ZSI6MjQwMDAwMDAwMDAwLCJ1cGRhdGUiOjI0MDAwMDAwMDAwMH19"
        }
      ]
    },
    {
      "mode": "managed",
      "type": "google_compute_subnetwork",
      "name": "subnet",
      "provider": "provider.google",
      "instances": [
        {
          "schema_version": 0,
          "attributes": {
            "creation_timestamp": "2020-08-16T18:12:05.638-07:00",
            "description": "",
            "enable_flow_logs": null,
            "fingerprint": null,
            "gateway_address": "10.10.0.1",
            "id": "projects/pass-docker/regions/us-east1/subnetworks/pass-docker-subnet",
            "ip_cidr_range": "10.10.0.0/24",
            "log_config": [],
            "name": "pass-docker-subnet",
            "network": "https://www.googleapis.com/compute/v1/projects/pass-docker/global/networks/pass-docker-vpc",
            "private_ip_google_access": false,
            "project": "pass-docker",
            "region": "us-east1",
            "secondary_ip_range": [],
            "self_link": "https://www.googleapis.com/compute/v1/projects/pass-docker/regions/us-east1/subnetworks/pass-docker-subnet",
            "timeouts": null
          },
          "private": "eyJlMmJmYjczMC1lY2FhLTExZTYtOGY4OC0zNDM2M2JjN2M0YzAiOnsiY3JlYXRlIjozNjAwMDAwMDAwMDAsImRlbGV0ZSI6MzYwMDAwMDAwMDAwLCJ1cGRhdGUiOjM2MDAwMDAwMDAwMH19",
          "dependencies": [
            "google_compute_network.vpc"
          ]
        }
      ]
    },
    {
      "mode": "managed",
      "type": "google_container_cluster",
      "name": "primary",
      "provider": "provider.google",
      "instances": [
        {
          "schema_version": 1,
          "attributes": {
            "additional_zones": [],
            "addons_config": [
              {
                "cloudrun_config": [],
                "horizontal_pod_autoscaling": [],
                "http_load_balancing": [],
                "kubernetes_dashboard": [],
                "network_policy_config": [
                  {
                    "disabled": true
                  }
                ]
              }
            ],
            "authenticator_groups_config": [],
            "cluster_autoscaling": [
              {
                "auto_provisioning_defaults": [],
                "enabled": false,
                "resource_limits": []
              }
            ],
            "cluster_ipv4_cidr": "10.12.0.0/14",
            "database_encryption": [
              {
                "key_name": "",
                "state": "DECRYPTED"
              }
            ],
            "default_max_pods_per_node": null,
            "description": "",
            "enable_binary_authorization": false,
            "enable_intranode_visibility": null,
            "enable_kubernetes_alpha": false,
            "enable_legacy_abac": false,
            "enable_shielded_nodes": false,
            "enable_tpu": null,
            "endpoint": "35.237.160.181",
            "id": "projects/pass-docker/locations/us-east1/clusters/pass-docker-gke",
            "initial_node_count": 1,
            "instance_group_urls": [],
            "ip_allocation_policy": [],
            "label_fingerprint": "a9dc16a7",
            "location": "us-east1",
            "logging_service": "logging.googleapis.com/kubernetes",
            "maintenance_policy": [],
            "master_auth": [
              {
                "client_certificate": "",
                "client_certificate_config": [
                  {
                    "issue_client_certificate": false
                  }
                ],
                "client_key": "",
                "cluster_ca_certificate": "LS0tLS1CRUdJTiBDRVJUSUZJQ0FURS0tLS0tCk1JSURLakNDQWhLZ0F3SUJBZ0lRRWtiSTB5Qy92b0I2eVZRTTM1VlkxekFOQmdrcWhraUc5dzBCQVFzRkFEQXYKTVMwd0t3WURWUVFERXlSaE5HWTJNRGN4WlMxaE0yRmxMVFF5TW1NdFlqQmxPUzB3WkRWbVpqSXdORGxpTmpBdwpIaGNOTWpBd09ERTNNREF4TWpJM1doY05NalV3T0RFMk1ERXhNakkzV2pBdk1TMHdLd1lEVlFRREV5UmhOR1kyCk1EY3haUzFoTTJGbExUUXlNbU10WWpCbE9TMHdaRFZtWmpJd05EbGlOakF3Z2dFaU1BMEdDU3FHU0liM0RRRUIKQVFVQUE0SUJEd0F3Z2dFS0FvSUJBUUN1MEFDeTRJSUJkQ1VWQXJWbU0wdGd5QlhFN0hqRU5WZVVxYjVpY0tHdQpJOE1NTnFIbVFVVGlobnlUVC9BQnp1Mjg1U0NxVEhnOUU2OUhKY3hFYlg4MVFCTU9mQ0RUNk5kdnRZd0dWNGgrCnBQQU1DVUErZmJUYUIyWm1zQW4wWXdiWXB6djZHQjNkKzJJM0pHcUt1aFEzVVppVXVSTmVNeVJBZXZqbkVjSWMKODAxZWlaYjFLb2hhSkFNT056cmxsWlg1bWUvSlhQMUcwVUFaY2hUdkpSWmoyaWd3M0paOFBmOWNQUWhadWFSMAo2SUwyRVkvQmR2L1dTZmNXMVJveGdGc3VIdFlZZGg1S2lrMUZHUC9GQ05IeGxEOTJJeTc1SytMeHg0V1JmYjhKCng5cFJ5S3FZcHpiblpBbWpaNW5Sc2owQzYrS2NtRytaZVZRRkJMQk9MR1pUQWdNQkFBR2pRakJBTUE0R0ExVWQKRHdFQi93UUVBd0lDQkRBUEJnTlZIUk1CQWY4RUJUQURBUUgvTUIwR0ExVWREZ1FXQkJUMnZ2M2tLZzVLcEIyZwowTDd4TkkrWFpxM3d5ekFOQmdrcWhraUc5dzBCQVFzRkFBT0NBUUVBR0I0a0hhdnhQcUZUd2s4elFNOVdJRW9DCnQ0RzdyWkpXbmdCUWlXcDJYNUowNitNMktLQTlFUHo0dU9KQWUyajVSTTA1ekdQT1ZQK1l3R0ZwY25lVjlNYVEKQTFkWDcrb1YwMVNSWFFuNW12cHdHc29BTDFQU0c4MUN2YlhKeUFLQzBGZFJQMDA3dzdJREV4c3ZFRUp2eDIxOQpvYUxCakgraUZOdm5KanMxWUMxWkI5clQzWFlacGhZK0hYM1lrZmU1dVpHSzAyWER3UStKNmUwSEtUZE50bXJUCjdjNjJyVGRocjFENU5vYXlxbXBZc3dEejFaRDBxT1ZHRzZXWFRxV0FVbVBrSWkwMHM3Y3crd3FVck9oVjdpUE8KQjhWRFZWbWRvQnZMWlByN0pzbmdjdlBoUURnays3WnpPK2FEL2lXVmc2blZBbjAxSUxjaUhRZyt0bW9ITkE9PQotLS0tLUVORCBDRVJUSUZJQ0FURS0tLS0tCg==",
                "password": "",
                "username": ""
              }
            ],
            "master_authorized_networks_config": [],
            "master_version": "1.16.13-gke.1",
            "min_master_version": "1.16",
            "monitoring_service": "monitoring.googleapis.com/kubernetes",
            "name": "pass-docker-gke",
            "network": "projects/pass-docker/global/networks/pass-docker-vpc",
            "network_policy": [
              {
                "enabled": false,
                "provider": "PROVIDER_UNSPECIFIED"
              }
            ],
            "node_config": [],
            "node_locations": [
              "us-east1-b",
              "us-east1-c",
              "us-east1-d"
            ],
            "node_pool": [],
            "node_version": "1.16.13-gke.1",
            "operation": null,
            "pod_security_policy_config": null,
            "private_cluster_config": [],
            "project": "pass-docker",
            "region": null,
            "remove_default_node_pool": true,
            "resource_labels": null,
            "resource_usage_export_config": [],
            "services_ipv4_cidr": "10.15.240.0/20",
            "subnetwork": "projects/pass-docker/regions/us-east1/subnetworks/pass-docker-subnet",
            "timeouts": null,
            "vertical_pod_autoscaling": [],
            "workload_identity_config": [],
            "zone": null
          },
          "private": "eyJlMmJmYjczMC1lY2FhLTExZTYtOGY4OC0zNDM2M2JjN2M0YzAiOnsiY3JlYXRlIjoyNDAwMDAwMDAwMDAwLCJkZWxldGUiOjI0MDAwMDAwMDAwMDAsInJlYWQiOjI0MDAwMDAwMDAwMDAsInVwZGF0ZSI6MzYwMDAwMDAwMDAwMH0sInNjaGVtYV92ZXJzaW9uIjoiMSJ9",
          "dependencies": [
            "google_compute_network.vpc",
            "google_compute_subnetwork.subnet"
          ]
        }
      ]
    },
    {
      "mode": "managed",
      "type": "google_container_node_pool",
      "name": "primary_preemptible_nodes",
      "provider": "provider.google",
      "instances": [
        {
          "schema_version": 1,
          "attributes": {
            "autoscaling": [
              {
                "max_node_count": 3,
                "min_node_count": 1
              }
            ],
            "cluster": "pass-docker-gke",
            "id": "projects/pass-docker/locations/us-east1/clusters/pass-docker-gke/nodePools/pass-docker-gke-node-pool",
            "initial_node_count": 1,
            "instance_group_urls": [
              "https://www.googleapis.com/compute/v1/projects/pass-docker/zones/us-east1-b/instanceGroupManagers/gke-pass-docker-gke-pass-docker-gke-n-4b6dc948-grp",
              "https://www.googleapis.com/compute/v1/projects/pass-docker/zones/us-east1-c/instanceGroupManagers/gke-pass-docker-gke-pass-docker-gke-n-cee24fdf-grp",
              "https://www.googleapis.com/compute/v1/projects/pass-docker/zones/us-east1-d/instanceGroupManagers/gke-pass-docker-gke-pass-docker-gke-n-996acc19-grp"
            ],
            "location": "us-east1",
            "management": [
              {
                "auto_repair": true,
                "auto_upgrade": true
              }
            ],
            "max_pods_per_node": null,
            "name": "pass-docker-gke-node-pool",
            "name_prefix": "",
            "node_config": [
              {
                "disk_size_gb": 100,
                "disk_type": "pd-standard",
                "guest_accelerator": [],
                "image_type": "COS",
                "labels": {
                  "env": "pass-docker"
                },
                "local_ssd_count": 0,
                "machine_type": "n1-standard-1",
                "metadata": {
                  "disable-legacy-endpoints": "true"
                },
                "min_cpu_platform": "",
                "oauth_scopes": [
                  "https://www.googleapis.com/auth/logging.write",
                  "https://www.googleapis.com/auth/monitoring"
                ],
                "preemptible": true,
                "sandbox_config": [],
                "service_account": "default",
                "shielded_instance_config": [
                  {
                    "enable_integrity_monitoring": true,
                    "enable_secure_boot": false
                  }
                ],
                "tags": [
                  "gke-node",
                  "pass-docker-gke"
                ],
                "taint": [],
                "workload_metadata_config": []
              }
            ],
            "node_count": 1,
            "node_locations": [
              "us-east1-b",
              "us-east1-c",
              "us-east1-d"
            ],
            "project": "pass-docker",
            "region": null,
            "timeouts": null,
            "upgrade_settings": [
              {
                "max_surge": 1,
                "max_unavailable": 0
              }
            ],
            "version": "1.16.13-gke.1",
            "zone": null
          },
          "private": "eyJlMmJmYjczMC1lY2FhLTExZTYtOGY4OC0zNDM2M2JjN2M0YzAiOnsiY3JlYXRlIjoxODAwMDAwMDAwMDAwLCJkZWxldGUiOjE4MDAwMDAwMDAwMDAsInVwZGF0ZSI6MTgwMDAwMDAwMDAwMH0sInNjaGVtYV92ZXJzaW9uIjoiMSJ9",
          "dependencies": [
            "google_compute_network.vpc",
            "google_compute_subnetwork.subnet",
            "google_container_cluster.primary"
          ]
        }
      ]
    }
  ]
}
